// !$*UTF8*$!
{
	archiveVersion = 1;
	classes = {
	};
	objectVersion = 46;
	objects = {

/* Begin PBXBuildFile section */
		C64E33D91CA50223001374E2 /* ExampleSet1.png in Resources */ = {isa = PBXBuildFile; fileRef = C64E33D31CA50223001374E2 /* ExampleSet1.png */; };
		C64E33DA1CA50223001374E2 /* ExampleSet2.png in Resources */ = {isa = PBXBuildFile; fileRef = C64E33D41CA50223001374E2 /* ExampleSet2.png */; };
		C64E33DB1CA50223001374E2 /* ExampleSet3.png in Resources */ = {isa = PBXBuildFile; fileRef = C64E33D51CA50223001374E2 /* ExampleSet3.png */; };
		C64E33DC1CA50223001374E2 /* ExampleSet4.png in Resources */ = {isa = PBXBuildFile; fileRef = C64E33D61CA50223001374E2 /* ExampleSet4.png */; };
		C64E33DD1CA50223001374E2 /* ExampleSet5.png in Resources */ = {isa = PBXBuildFile; fileRef = C64E33D71CA50223001374E2 /* ExampleSet5.png */; };
		C64E33DE1CA50223001374E2 /* ExampleSet6.png in Resources */ = {isa = PBXBuildFile; fileRef = C64E33D81CA50223001374E2 /* ExampleSet6.png */; };
		C69194381CA4A15E00FB12AB /* HowToPlay.swift in Sources */ = {isa = PBXBuildFile; fileRef = C69194371CA4A15E00FB12AB /* HowToPlay.swift */; };
		C691949E1CA4C7AB00FB12AB /* card1gdd.png in Resources */ = {isa = PBXBuildFile; fileRef = C691944D1CA4C7AB00FB12AB /* card1gdd.png */; };
		C691949F1CA4C7AB00FB12AB /* card1gde.png in Resources */ = {isa = PBXBuildFile; fileRef = C691944E1CA4C7AB00FB12AB /* card1gde.png */; };
		C69194A01CA4C7AB00FB12AB /* card1gdf.png in Resources */ = {isa = PBXBuildFile; fileRef = C691944F1CA4C7AB00FB12AB /* card1gdf.png */; };
		C69194A11CA4C7AB00FB12AB /* card1god.png in Resources */ = {isa = PBXBuildFile; fileRef = C69194501CA4C7AB00FB12AB /* card1god.png */; };
		C69194A21CA4C7AB00FB12AB /* card1goe.png in Resources */ = {isa = PBXBuildFile; fileRef = C69194511CA4C7AB00FB12AB /* card1goe.png */; };
		C69194A31CA4C7AB00FB12AB /* card1gof.png in Resources */ = {isa = PBXBuildFile; fileRef = C69194521CA4C7AB00FB12AB /* card1gof.png */; };
		C69194A41CA4C7AB00FB12AB /* card1gsd.png in Resources */ = {isa = PBXBuildFile; fileRef = C69194531CA4C7AB00FB12AB /* card1gsd.png */; };
		C69194A51CA4C7AB00FB12AB /* card1gse.png in Resources */ = {isa = PBXBuildFile; fileRef = C69194541CA4C7AB00FB12AB /* card1gse.png */; };
		C69194A61CA4C7AB00FB12AB /* card1gsf.png in Resources */ = {isa = PBXBuildFile; fileRef = C69194551CA4C7AB00FB12AB /* card1gsf.png */; };
		C69194A71CA4C7AB00FB12AB /* card1rdd.png in Resources */ = {isa = PBXBuildFile; fileRef = C69194561CA4C7AB00FB12AB /* card1rdd.png */; };
		C69194A81CA4C7AB00FB12AB /* card1rde.png in Resources */ = {isa = PBXBuildFile; fileRef = C69194571CA4C7AB00FB12AB /* card1rde.png */; };
		C69194A91CA4C7AB00FB12AB /* card1rdf.png in Resources */ = {isa = PBXBuildFile; fileRef = C69194581CA4C7AB00FB12AB /* card1rdf.png */; };
		C69194AA1CA4C7AB00FB12AB /* card1rod.png in Resources */ = {isa = PBXBuildFile; fileRef = C69194591CA4C7AB00FB12AB /* card1rod.png */; };
		C69194AB1CA4C7AB00FB12AB /* card1roe.png in Resources */ = {isa = PBXBuildFile; fileRef = C691945A1CA4C7AB00FB12AB /* card1roe.png */; };
		C69194AC1CA4C7AB00FB12AB /* card1rof.png in Resources */ = {isa = PBXBuildFile; fileRef = C691945B1CA4C7AB00FB12AB /* card1rof.png */; };
		C69194AD1CA4C7AB00FB12AB /* card1rsd.png in Resources */ = {isa = PBXBuildFile; fileRef = C691945C1CA4C7AB00FB12AB /* card1rsd.png */; };
		C69194AE1CA4C7AB00FB12AB /* card1rse.png in Resources */ = {isa = PBXBuildFile; fileRef = C691945D1CA4C7AB00FB12AB /* card1rse.png */; };
		C69194AF1CA4C7AB00FB12AB /* card1rsf.png in Resources */ = {isa = PBXBuildFile; fileRef = C691945E1CA4C7AB00FB12AB /* card1rsf.png */; };
		C69194B01CA4C7AB00FB12AB /* card1ydd.png in Resources */ = {isa = PBXBuildFile; fileRef = C691945F1CA4C7AB00FB12AB /* card1ydd.png */; };
		C69194B11CA4C7AB00FB12AB /* card1yde.png in Resources */ = {isa = PBXBuildFile; fileRef = C69194601CA4C7AB00FB12AB /* card1yde.png */; };
		C69194B21CA4C7AB00FB12AB /* card1ydf.png in Resources */ = {isa = PBXBuildFile; fileRef = C69194611CA4C7AB00FB12AB /* card1ydf.png */; };
		C69194B31CA4C7AB00FB12AB /* card1yod.png in Resources */ = {isa = PBXBuildFile; fileRef = C69194621CA4C7AB00FB12AB /* card1yod.png */; };
		C69194B41CA4C7AB00FB12AB /* card1yoe.png in Resources */ = {isa = PBXBuildFile; fileRef = C69194631CA4C7AB00FB12AB /* card1yoe.png */; };
		C69194B51CA4C7AB00FB12AB /* card1yof.png in Resources */ = {isa = PBXBuildFile; fileRef = C69194641CA4C7AB00FB12AB /* card1yof.png */; };
		C69194B61CA4C7AB00FB12AB /* card1ysd.png in Resources */ = {isa = PBXBuildFile; fileRef = C69194651CA4C7AB00FB12AB /* card1ysd.png */; };
		C69194B71CA4C7AB00FB12AB /* card1yse.png in Resources */ = {isa = PBXBuildFile; fileRef = C69194661CA4C7AB00FB12AB /* card1yse.png */; };
		C69194B81CA4C7AB00FB12AB /* card1ysf.png in Resources */ = {isa = PBXBuildFile; fileRef = C69194671CA4C7AB00FB12AB /* card1ysf.png */; };
		C69194B91CA4C7AB00FB12AB /* card2gdd.png in Resources */ = {isa = PBXBuildFile; fileRef = C69194681CA4C7AB00FB12AB /* card2gdd.png */; };
		C69194BA1CA4C7AB00FB12AB /* card2gde.png in Resources */ = {isa = PBXBuildFile; fileRef = C69194691CA4C7AB00FB12AB /* card2gde.png */; };
		C69194BB1CA4C7AB00FB12AB /* card2gdf.png in Resources */ = {isa = PBXBuildFile; fileRef = C691946A1CA4C7AB00FB12AB /* card2gdf.png */; };
		C69194BC1CA4C7AB00FB12AB /* card2god.png in Resources */ = {isa = PBXBuildFile; fileRef = C691946B1CA4C7AB00FB12AB /* card2god.png */; };
		C69194BD1CA4C7AB00FB12AB /* card2goe.png in Resources */ = {isa = PBXBuildFile; fileRef = C691946C1CA4C7AB00FB12AB /* card2goe.png */; };
		C69194BE1CA4C7AB00FB12AB /* card2gof.png in Resources */ = {isa = PBXBuildFile; fileRef = C691946D1CA4C7AB00FB12AB /* card2gof.png */; };
		C69194BF1CA4C7AB00FB12AB /* card2gsd.png in Resources */ = {isa = PBXBuildFile; fileRef = C691946E1CA4C7AB00FB12AB /* card2gsd.png */; };
		C69194C01CA4C7AB00FB12AB /* card2gse.png in Resources */ = {isa = PBXBuildFile; fileRef = C691946F1CA4C7AB00FB12AB /* card2gse.png */; };
		C69194C11CA4C7AB00FB12AB /* card2gsf.png in Resources */ = {isa = PBXBuildFile; fileRef = C69194701CA4C7AB00FB12AB /* card2gsf.png */; };
		C69194C21CA4C7AB00FB12AB /* card2rdd.png in Resources */ = {isa = PBXBuildFile; fileRef = C69194711CA4C7AB00FB12AB /* card2rdd.png */; };
		C69194C31CA4C7AB00FB12AB /* card2rde.png in Resources */ = {isa = PBXBuildFile; fileRef = C69194721CA4C7AB00FB12AB /* card2rde.png */; };
		C69194C41CA4C7AB00FB12AB /* card2rdf.png in Resources */ = {isa = PBXBuildFile; fileRef = C69194731CA4C7AB00FB12AB /* card2rdf.png */; };
		C69194C51CA4C7AB00FB12AB /* card2rod.png in Resources */ = {isa = PBXBuildFile; fileRef = C69194741CA4C7AB00FB12AB /* card2rod.png */; };
		C69194C61CA4C7AB00FB12AB /* card2roe.png in Resources */ = {isa = PBXBuildFile; fileRef = C69194751CA4C7AB00FB12AB /* card2roe.png */; };
		C69194C71CA4C7AB00FB12AB /* card2rof.png in Resources */ = {isa = PBXBuildFile; fileRef = C69194761CA4C7AB00FB12AB /* card2rof.png */; };
		C69194C81CA4C7AB00FB12AB /* card2rsd.png in Resources */ = {isa = PBXBuildFile; fileRef = C69194771CA4C7AB00FB12AB /* card2rsd.png */; };
		C69194C91CA4C7AB00FB12AB /* card2rse.png in Resources */ = {isa = PBXBuildFile; fileRef = C69194781CA4C7AB00FB12AB /* card2rse.png */; };
		C69194CA1CA4C7AB00FB12AB /* card2rsf.png in Resources */ = {isa = PBXBuildFile; fileRef = C69194791CA4C7AB00FB12AB /* card2rsf.png */; };
		C69194CB1CA4C7AB00FB12AB /* card2ydd.png in Resources */ = {isa = PBXBuildFile; fileRef = C691947A1CA4C7AB00FB12AB /* card2ydd.png */; };
		C69194CC1CA4C7AB00FB12AB /* card2yde.png in Resources */ = {isa = PBXBuildFile; fileRef = C691947B1CA4C7AB00FB12AB /* card2yde.png */; };
		C69194CD1CA4C7AB00FB12AB /* card2ydf.png in Resources */ = {isa = PBXBuildFile; fileRef = C691947C1CA4C7AB00FB12AB /* card2ydf.png */; };
		C69194CE1CA4C7AB00FB12AB /* card2yod.png in Resources */ = {isa = PBXBuildFile; fileRef = C691947D1CA4C7AB00FB12AB /* card2yod.png */; };
		C69194CF1CA4C7AB00FB12AB /* card2yoe.png in Resources */ = {isa = PBXBuildFile; fileRef = C691947E1CA4C7AB00FB12AB /* card2yoe.png */; };
		C69194D01CA4C7AB00FB12AB /* card2yof.png in Resources */ = {isa = PBXBuildFile; fileRef = C691947F1CA4C7AB00FB12AB /* card2yof.png */; };
		C69194D11CA4C7AB00FB12AB /* card2ysd.png in Resources */ = {isa = PBXBuildFile; fileRef = C69194801CA4C7AB00FB12AB /* card2ysd.png */; };
		C69194D21CA4C7AB00FB12AB /* card2yse.png in Resources */ = {isa = PBXBuildFile; fileRef = C69194811CA4C7AB00FB12AB /* card2yse.png */; };
		C69194D31CA4C7AB00FB12AB /* card2ysf.png in Resources */ = {isa = PBXBuildFile; fileRef = C69194821CA4C7AB00FB12AB /* card2ysf.png */; };
		C69194D41CA4C7AB00FB12AB /* card3gdd.png in Resources */ = {isa = PBXBuildFile; fileRef = C69194831CA4C7AB00FB12AB /* card3gdd.png */; };
		C69194D51CA4C7AB00FB12AB /* card3gde.png in Resources */ = {isa = PBXBuildFile; fileRef = C69194841CA4C7AB00FB12AB /* card3gde.png */; };
		C69194D61CA4C7AB00FB12AB /* card3gdf.png in Resources */ = {isa = PBXBuildFile; fileRef = C69194851CA4C7AB00FB12AB /* card3gdf.png */; };
		C69194D71CA4C7AB00FB12AB /* card3god.png in Resources */ = {isa = PBXBuildFile; fileRef = C69194861CA4C7AB00FB12AB /* card3god.png */; };
		C69194D81CA4C7AB00FB12AB /* card3goe.png in Resources */ = {isa = PBXBuildFile; fileRef = C69194871CA4C7AB00FB12AB /* card3goe.png */; };
		C69194D91CA4C7AB00FB12AB /* card3gof.png in Resources */ = {isa = PBXBuildFile; fileRef = C69194881CA4C7AB00FB12AB /* card3gof.png */; };
		C69194DA1CA4C7AB00FB12AB /* card3gsd.png in Resources */ = {isa = PBXBuildFile; fileRef = C69194891CA4C7AB00FB12AB /* card3gsd.png */; };
		C69194DB1CA4C7AB00FB12AB /* card3gse.png in Resources */ = {isa = PBXBuildFile; fileRef = C691948A1CA4C7AB00FB12AB /* card3gse.png */; };
		C69194DC1CA4C7AB00FB12AB /* card3gsf.png in Resources */ = {isa = PBXBuildFile; fileRef = C691948B1CA4C7AB00FB12AB /* card3gsf.png */; };
		C69194DD1CA4C7AB00FB12AB /* card3rdd.png in Resources */ = {isa = PBXBuildFile; fileRef = C691948C1CA4C7AB00FB12AB /* card3rdd.png */; };
		C69194DE1CA4C7AB00FB12AB /* card3rde.png in Resources */ = {isa = PBXBuildFile; fileRef = C691948D1CA4C7AB00FB12AB /* card3rde.png */; };
		C69194DF1CA4C7AB00FB12AB /* card3rdf.png in Resources */ = {isa = PBXBuildFile; fileRef = C691948E1CA4C7AB00FB12AB /* card3rdf.png */; };
		C69194E01CA4C7AB00FB12AB /* card3rod.png in Resources */ = {isa = PBXBuildFile; fileRef = C691948F1CA4C7AB00FB12AB /* card3rod.png */; };
		C69194E11CA4C7AB00FB12AB /* card3roe.png in Resources */ = {isa = PBXBuildFile; fileRef = C69194901CA4C7AB00FB12AB /* card3roe.png */; };
		C69194E21CA4C7AB00FB12AB /* card3rof.png in Resources */ = {isa = PBXBuildFile; fileRef = C69194911CA4C7AB00FB12AB /* card3rof.png */; };
		C69194E31CA4C7AB00FB12AB /* card3rsd.png in Resources */ = {isa = PBXBuildFile; fileRef = C69194921CA4C7AB00FB12AB /* card3rsd.png */; };
		C69194E41CA4C7AB00FB12AB /* card3rse.png in Resources */ = {isa = PBXBuildFile; fileRef = C69194931CA4C7AB00FB12AB /* card3rse.png */; };
		C69194E51CA4C7AB00FB12AB /* card3rsf.png in Resources */ = {isa = PBXBuildFile; fileRef = C69194941CA4C7AB00FB12AB /* card3rsf.png */; };
		C69194E61CA4C7AB00FB12AB /* card3ydd.png in Resources */ = {isa = PBXBuildFile; fileRef = C69194951CA4C7AB00FB12AB /* card3ydd.png */; };
		C69194E71CA4C7AB00FB12AB /* card3yde.png in Resources */ = {isa = PBXBuildFile; fileRef = C69194961CA4C7AB00FB12AB /* card3yde.png */; };
		C69194E81CA4C7AB00FB12AB /* card3ydf.png in Resources */ = {isa = PBXBuildFile; fileRef = C69194971CA4C7AB00FB12AB /* card3ydf.png */; };
		C69194E91CA4C7AB00FB12AB /* card3yod.png in Resources */ = {isa = PBXBuildFile; fileRef = C69194981CA4C7AB00FB12AB /* card3yod.png */; };
		C69194EA1CA4C7AB00FB12AB /* card3yoe.png in Resources */ = {isa = PBXBuildFile; fileRef = C69194991CA4C7AB00FB12AB /* card3yoe.png */; };
		C69194EB1CA4C7AB00FB12AB /* card3yof.png in Resources */ = {isa = PBXBuildFile; fileRef = C691949A1CA4C7AB00FB12AB /* card3yof.png */; };
		C69194EC1CA4C7AB00FB12AB /* card3ysd.png in Resources */ = {isa = PBXBuildFile; fileRef = C691949B1CA4C7AB00FB12AB /* card3ysd.png */; };
		C69194ED1CA4C7AB00FB12AB /* card3yse.png in Resources */ = {isa = PBXBuildFile; fileRef = C691949C1CA4C7AB00FB12AB /* card3yse.png */; };
		C69194EE1CA4C7AB00FB12AB /* card3ysf.png in Resources */ = {isa = PBXBuildFile; fileRef = C691949D1CA4C7AB00FB12AB /* card3ysf.png */; };
		C69194F31CA4C7BC00FB12AB /* Group-Color.png in Resources */ = {isa = PBXBuildFile; fileRef = C69194EF1CA4C7BC00FB12AB /* Group-Color.png */; };
		C69194F41CA4C7BC00FB12AB /* Group-Number.png in Resources */ = {isa = PBXBuildFile; fileRef = C69194F01CA4C7BC00FB12AB /* Group-Number.png */; };
		C69194F51CA4C7BC00FB12AB /* Group-Shading.png in Resources */ = {isa = PBXBuildFile; fileRef = C69194F11CA4C7BC00FB12AB /* Group-Shading.png */; };
		C69194F61CA4C7BC00FB12AB /* Group-Symbol.png in Resources */ = {isa = PBXBuildFile; fileRef = C69194F21CA4C7BC00FB12AB /* Group-Symbol.png */; };
		C6F4971D1C9678A400367C57 /* AppDelegate.swift in Sources */ = {isa = PBXBuildFile; fileRef = C6F4971C1C9678A400367C57 /* AppDelegate.swift */; };
		C6F4971F1C9678A400367C57 /* MainScreen.swift in Sources */ = {isa = PBXBuildFile; fileRef = C6F4971E1C9678A400367C57 /* MainScreen.swift */; };
		C6F497221C9678A500367C57 /* Main.storyboard in Resources */ = {isa = PBXBuildFile; fileRef = C6F497201C9678A500367C57 /* Main.storyboard */; };
		C6F497241C9678A500367C57 /* Images.xcassets in Resources */ = {isa = PBXBuildFile; fileRef = C6F497231C9678A500367C57 /* Images.xcassets */; };
		C6F497271C9678A500367C57 /* LaunchScreen.xib in Resources */ = {isa = PBXBuildFile; fileRef = C6F497251C9678A500367C57 /* LaunchScreen.xib */; };
		C6F497331C9678A500367C57 /* SlugSetTests.swift in Sources */ = {isa = PBXBuildFile; fileRef = C6F497321C9678A500367C57 /* SlugSetTests.swift */; };
		C6F4973D1C9679E900367C57 /* slug_set_title.png in Resources */ = {isa = PBXBuildFile; fileRef = C6F4973C1C9679E900367C57 /* slug_set_title.png */; };
		C6F4973F1C96828C00367C57 /* SoloMode.swift in Sources */ = {isa = PBXBuildFile; fileRef = C6F4973E1C96828C00367C57 /* SoloMode.swift */; };
		C6F497431C9F233500367C57 /* goBack.png in Resources */ = {isa = PBXBuildFile; fileRef = C6F497421C9F233500367C57 /* goBack.png */; };
		C6F497451C9F28E300367C57 /* SegueFromLeft.swift in Sources */ = {isa = PBXBuildFile; fileRef = C6F497441C9F28E300367C57 /* SegueFromLeft.swift */; };
		C6F497491C9F487D00367C57 /* StyleConstants.swift in Sources */ = {isa = PBXBuildFile; fileRef = C6F497481C9F487D00367C57 /* StyleConstants.swift */; };
		C6F498941C9FB15800367C57 /* CardPaths.swift in Sources */ = {isa = PBXBuildFile; fileRef = C6F498931C9FB15800367C57 /* CardPaths.swift */; };
		C6F498961C9FB6BA00367C57 /* Deck.swift in Sources */ = {isa = PBXBuildFile; fileRef = C6F498951C9FB6BA00367C57 /* Deck.swift */; };
/* End PBXBuildFile section */

/* Begin PBXContainerItemProxy section */
		C6F4972D1C9678A500367C57 /* PBXContainerItemProxy */ = {
			isa = PBXContainerItemProxy;
			containerPortal = C6F4970F1C9678A400367C57 /* Project object */;
			proxyType = 1;
			remoteGlobalIDString = C6F497161C9678A400367C57;
			remoteInfo = SlugSet;
		};
/* End PBXContainerItemProxy section */

/* Begin PBXFileReference section */
		C64E33D31CA50223001374E2 /* ExampleSet1.png */ = {isa = PBXFileReference; lastKnownFileType = image.png; path = ExampleSet1.png; sourceTree = "<group>"; };
		C64E33D41CA50223001374E2 /* ExampleSet2.png */ = {isa = PBXFileReference; lastKnownFileType = image.png; path = ExampleSet2.png; sourceTree = "<group>"; };
		C64E33D51CA50223001374E2 /* ExampleSet3.png */ = {isa = PBXFileReference; lastKnownFileType = image.png; path = ExampleSet3.png; sourceTree = "<group>"; };
		C64E33D61CA50223001374E2 /* ExampleSet4.png */ = {isa = PBXFileReference; lastKnownFileType = image.png; path = ExampleSet4.png; sourceTree = "<group>"; };
		C64E33D71CA50223001374E2 /* ExampleSet5.png */ = {isa = PBXFileReference; lastKnownFileType = image.png; path = ExampleSet5.png; sourceTree = "<group>"; };
		C64E33D81CA50223001374E2 /* ExampleSet6.png */ = {isa = PBXFileReference; lastKnownFileType = image.png; path = ExampleSet6.png; sourceTree = "<group>"; };
		C69194371CA4A15E00FB12AB /* HowToPlay.swift */ = {isa = PBXFileReference; fileEncoding = 4; lastKnownFileType = sourcecode.swift; path = HowToPlay.swift; sourceTree = "<group>"; };
		C691944D1CA4C7AB00FB12AB /* card1gdd.png */ = {isa = PBXFileReference; lastKnownFileType = image.png; path = card1gdd.png; sourceTree = "<group>"; };
		C691944E1CA4C7AB00FB12AB /* card1gde.png */ = {isa = PBXFileReference; lastKnownFileType = image.png; path = card1gde.png; sourceTree = "<group>"; };
		C691944F1CA4C7AB00FB12AB /* card1gdf.png */ = {isa = PBXFileReference; lastKnownFileType = image.png; path = card1gdf.png; sourceTree = "<group>"; };
		C69194501CA4C7AB00FB12AB /* card1god.png */ = {isa = PBXFileReference; lastKnownFileType = image.png; path = card1god.png; sourceTree = "<group>"; };
		C69194511CA4C7AB00FB12AB /* card1goe.png */ = {isa = PBXFileReference; lastKnownFileType = image.png; path = card1goe.png; sourceTree = "<group>"; };
		C69194521CA4C7AB00FB12AB /* card1gof.png */ = {isa = PBXFileReference; lastKnownFileType = image.png; path = card1gof.png; sourceTree = "<group>"; };
		C69194531CA4C7AB00FB12AB /* card1gsd.png */ = {isa = PBXFileReference; lastKnownFileType = image.png; path = card1gsd.png; sourceTree = "<group>"; };
		C69194541CA4C7AB00FB12AB /* card1gse.png */ = {isa = PBXFileReference; lastKnownFileType = image.png; path = card1gse.png; sourceTree = "<group>"; };
		C69194551CA4C7AB00FB12AB /* card1gsf.png */ = {isa = PBXFileReference; lastKnownFileType = image.png; path = card1gsf.png; sourceTree = "<group>"; };
		C69194561CA4C7AB00FB12AB /* card1rdd.png */ = {isa = PBXFileReference; lastKnownFileType = image.png; path = card1rdd.png; sourceTree = "<group>"; };
		C69194571CA4C7AB00FB12AB /* card1rde.png */ = {isa = PBXFileReference; lastKnownFileType = image.png; path = card1rde.png; sourceTree = "<group>"; };
		C69194581CA4C7AB00FB12AB /* card1rdf.png */ = {isa = PBXFileReference; lastKnownFileType = image.png; path = card1rdf.png; sourceTree = "<group>"; };
		C69194591CA4C7AB00FB12AB /* card1rod.png */ = {isa = PBXFileReference; lastKnownFileType = image.png; path = card1rod.png; sourceTree = "<group>"; };
		C691945A1CA4C7AB00FB12AB /* card1roe.png */ = {isa = PBXFileReference; lastKnownFileType = image.png; path = card1roe.png; sourceTree = "<group>"; };
		C691945B1CA4C7AB00FB12AB /* card1rof.png */ = {isa = PBXFileReference; lastKnownFileType = image.png; path = card1rof.png; sourceTree = "<group>"; };
		C691945C1CA4C7AB00FB12AB /* card1rsd.png */ = {isa = PBXFileReference; lastKnownFileType = image.png; path = card1rsd.png; sourceTree = "<group>"; };
		C691945D1CA4C7AB00FB12AB /* card1rse.png */ = {isa = PBXFileReference; lastKnownFileType = image.png; path = card1rse.png; sourceTree = "<group>"; };
		C691945E1CA4C7AB00FB12AB /* card1rsf.png */ = {isa = PBXFileReference; lastKnownFileType = image.png; path = card1rsf.png; sourceTree = "<group>"; };
		C691945F1CA4C7AB00FB12AB /* card1ydd.png */ = {isa = PBXFileReference; lastKnownFileType = image.png; path = card1ydd.png; sourceTree = "<group>"; };
		C69194601CA4C7AB00FB12AB /* card1yde.png */ = {isa = PBXFileReference; lastKnownFileType = image.png; path = card1yde.png; sourceTree = "<group>"; };
		C69194611CA4C7AB00FB12AB /* card1ydf.png */ = {isa = PBXFileReference; lastKnownFileType = image.png; path = card1ydf.png; sourceTree = "<group>"; };
		C69194621CA4C7AB00FB12AB /* card1yod.png */ = {isa = PBXFileReference; lastKnownFileType = image.png; path = card1yod.png; sourceTree = "<group>"; };
		C69194631CA4C7AB00FB12AB /* card1yoe.png */ = {isa = PBXFileReference; lastKnownFileType = image.png; path = card1yoe.png; sourceTree = "<group>"; };
		C69194641CA4C7AB00FB12AB /* card1yof.png */ = {isa = PBXFileReference; lastKnownFileType = image.png; path = card1yof.png; sourceTree = "<group>"; };
		C69194651CA4C7AB00FB12AB /* card1ysd.png */ = {isa = PBXFileReference; lastKnownFileType = image.png; path = card1ysd.png; sourceTree = "<group>"; };
		C69194661CA4C7AB00FB12AB /* card1yse.png */ = {isa = PBXFileReference; lastKnownFileType = image.png; path = card1yse.png; sourceTree = "<group>"; };
		C69194671CA4C7AB00FB12AB /* card1ysf.png */ = {isa = PBXFileReference; lastKnownFileType = image.png; path = card1ysf.png; sourceTree = "<group>"; };
		C69194681CA4C7AB00FB12AB /* card2gdd.png */ = {isa = PBXFileReference; lastKnownFileType = image.png; path = card2gdd.png; sourceTree = "<group>"; };
		C69194691CA4C7AB00FB12AB /* card2gde.png */ = {isa = PBXFileReference; lastKnownFileType = image.png; path = card2gde.png; sourceTree = "<group>"; };
		C691946A1CA4C7AB00FB12AB /* card2gdf.png */ = {isa = PBXFileReference; lastKnownFileType = image.png; path = card2gdf.png; sourceTree = "<group>"; };
		C691946B1CA4C7AB00FB12AB /* card2god.png */ = {isa = PBXFileReference; lastKnownFileType = image.png; path = card2god.png; sourceTree = "<group>"; };
		C691946C1CA4C7AB00FB12AB /* card2goe.png */ = {isa = PBXFileReference; lastKnownFileType = image.png; path = card2goe.png; sourceTree = "<group>"; };
		C691946D1CA4C7AB00FB12AB /* card2gof.png */ = {isa = PBXFileReference; lastKnownFileType = image.png; path = card2gof.png; sourceTree = "<group>"; };
		C691946E1CA4C7AB00FB12AB /* card2gsd.png */ = {isa = PBXFileReference; lastKnownFileType = image.png; path = card2gsd.png; sourceTree = "<group>"; };
		C691946F1CA4C7AB00FB12AB /* card2gse.png */ = {isa = PBXFileReference; lastKnownFileType = image.png; path = card2gse.png; sourceTree = "<group>"; };
		C69194701CA4C7AB00FB12AB /* card2gsf.png */ = {isa = PBXFileReference; lastKnownFileType = image.png; path = card2gsf.png; sourceTree = "<group>"; };
		C69194711CA4C7AB00FB12AB /* card2rdd.png */ = {isa = PBXFileReference; lastKnownFileType = image.png; path = card2rdd.png; sourceTree = "<group>"; };
		C69194721CA4C7AB00FB12AB /* card2rde.png */ = {isa = PBXFileReference; lastKnownFileType = image.png; path = card2rde.png; sourceTree = "<group>"; };
		C69194731CA4C7AB00FB12AB /* card2rdf.png */ = {isa = PBXFileReference; lastKnownFileType = image.png; path = card2rdf.png; sourceTree = "<group>"; };
		C69194741CA4C7AB00FB12AB /* card2rod.png */ = {isa = PBXFileReference; lastKnownFileType = image.png; path = card2rod.png; sourceTree = "<group>"; };
		C69194751CA4C7AB00FB12AB /* card2roe.png */ = {isa = PBXFileReference; lastKnownFileType = image.png; path = card2roe.png; sourceTree = "<group>"; };
		C69194761CA4C7AB00FB12AB /* card2rof.png */ = {isa = PBXFileReference; lastKnownFileType = image.png; path = card2rof.png; sourceTree = "<group>"; };
		C69194771CA4C7AB00FB12AB /* card2rsd.png */ = {isa = PBXFileReference; lastKnownFileType = image.png; path = card2rsd.png; sourceTree = "<group>"; };
		C69194781CA4C7AB00FB12AB /* card2rse.png */ = {isa = PBXFileReference; lastKnownFileType = image.png; path = card2rse.png; sourceTree = "<group>"; };
		C69194791CA4C7AB00FB12AB /* card2rsf.png */ = {isa = PBXFileReference; lastKnownFileType = image.png; path = card2rsf.png; sourceTree = "<group>"; };
		C691947A1CA4C7AB00FB12AB /* card2ydd.png */ = {isa = PBXFileReference; lastKnownFileType = image.png; path = card2ydd.png; sourceTree = "<group>"; };
		C691947B1CA4C7AB00FB12AB /* card2yde.png */ = {isa = PBXFileReference; lastKnownFileType = image.png; path = card2yde.png; sourceTree = "<group>"; };
		C691947C1CA4C7AB00FB12AB /* card2ydf.png */ = {isa = PBXFileReference; lastKnownFileType = image.png; path = card2ydf.png; sourceTree = "<group>"; };
		C691947D1CA4C7AB00FB12AB /* card2yod.png */ = {isa = PBXFileReference; lastKnownFileType = image.png; path = card2yod.png; sourceTree = "<group>"; };
		C691947E1CA4C7AB00FB12AB /* card2yoe.png */ = {isa = PBXFileReference; lastKnownFileType = image.png; path = card2yoe.png; sourceTree = "<group>"; };
		C691947F1CA4C7AB00FB12AB /* card2yof.png */ = {isa = PBXFileReference; lastKnownFileType = image.png; path = card2yof.png; sourceTree = "<group>"; };
		C69194801CA4C7AB00FB12AB /* card2ysd.png */ = {isa = PBXFileReference; lastKnownFileType = image.png; path = card2ysd.png; sourceTree = "<group>"; };
		C69194811CA4C7AB00FB12AB /* card2yse.png */ = {isa = PBXFileReference; lastKnownFileType = image.png; path = card2yse.png; sourceTree = "<group>"; };
		C69194821CA4C7AB00FB12AB /* card2ysf.png */ = {isa = PBXFileReference; lastKnownFileType = image.png; path = card2ysf.png; sourceTree = "<group>"; };
		C69194831CA4C7AB00FB12AB /* card3gdd.png */ = {isa = PBXFileReference; lastKnownFileType = image.png; path = card3gdd.png; sourceTree = "<group>"; };
		C69194841CA4C7AB00FB12AB /* card3gde.png */ = {isa = PBXFileReference; lastKnownFileType = image.png; path = card3gde.png; sourceTree = "<group>"; };
		C69194851CA4C7AB00FB12AB /* card3gdf.png */ = {isa = PBXFileReference; lastKnownFileType = image.png; path = card3gdf.png; sourceTree = "<group>"; };
		C69194861CA4C7AB00FB12AB /* card3god.png */ = {isa = PBXFileReference; lastKnownFileType = image.png; path = card3god.png; sourceTree = "<group>"; };
		C69194871CA4C7AB00FB12AB /* card3goe.png */ = {isa = PBXFileReference; lastKnownFileType = image.png; path = card3goe.png; sourceTree = "<group>"; };
		C69194881CA4C7AB00FB12AB /* card3gof.png */ = {isa = PBXFileReference; lastKnownFileType = image.png; path = card3gof.png; sourceTree = "<group>"; };
		C69194891CA4C7AB00FB12AB /* card3gsd.png */ = {isa = PBXFileReference; lastKnownFileType = image.png; path = card3gsd.png; sourceTree = "<group>"; };
		C691948A1CA4C7AB00FB12AB /* card3gse.png */ = {isa = PBXFileReference; lastKnownFileType = image.png; path = card3gse.png; sourceTree = "<group>"; };
		C691948B1CA4C7AB00FB12AB /* card3gsf.png */ = {isa = PBXFileReference; lastKnownFileType = image.png; path = card3gsf.png; sourceTree = "<group>"; };
		C691948C1CA4C7AB00FB12AB /* card3rdd.png */ = {isa = PBXFileReference; lastKnownFileType = image.png; path = card3rdd.png; sourceTree = "<group>"; };
		C691948D1CA4C7AB00FB12AB /* card3rde.png */ = {isa = PBXFileReference; lastKnownFileType = image.png; path = card3rde.png; sourceTree = "<group>"; };
		C691948E1CA4C7AB00FB12AB /* card3rdf.png */ = {isa = PBXFileReference; lastKnownFileType = image.png; path = card3rdf.png; sourceTree = "<group>"; };
		C691948F1CA4C7AB00FB12AB /* card3rod.png */ = {isa = PBXFileReference; lastKnownFileType = image.png; path = card3rod.png; sourceTree = "<group>"; };
		C69194901CA4C7AB00FB12AB /* card3roe.png */ = {isa = PBXFileReference; lastKnownFileType = image.png; path = card3roe.png; sourceTree = "<group>"; };
		C69194911CA4C7AB00FB12AB /* card3rof.png */ = {isa = PBXFileReference; lastKnownFileType = image.png; path = card3rof.png; sourceTree = "<group>"; };
		C69194921CA4C7AB00FB12AB /* card3rsd.png */ = {isa = PBXFileReference; lastKnownFileType = image.png; path = card3rsd.png; sourceTree = "<group>"; };
		C69194931CA4C7AB00FB12AB /* card3rse.png */ = {isa = PBXFileReference; lastKnownFileType = image.png; path = card3rse.png; sourceTree = "<group>"; };
		C69194941CA4C7AB00FB12AB /* card3rsf.png */ = {isa = PBXFileReference; lastKnownFileType = image.png; path = card3rsf.png; sourceTree = "<group>"; };
		C69194951CA4C7AB00FB12AB /* card3ydd.png */ = {isa = PBXFileReference; lastKnownFileType = image.png; path = card3ydd.png; sourceTree = "<group>"; };
		C69194961CA4C7AB00FB12AB /* card3yde.png */ = {isa = PBXFileReference; lastKnownFileType = image.png; path = card3yde.png; sourceTree = "<group>"; };
		C69194971CA4C7AB00FB12AB /* card3ydf.png */ = {isa = PBXFileReference; lastKnownFileType = image.png; path = card3ydf.png; sourceTree = "<group>"; };
		C69194981CA4C7AB00FB12AB /* card3yod.png */ = {isa = PBXFileReference; lastKnownFileType = image.png; path = card3yod.png; sourceTree = "<group>"; };
		C69194991CA4C7AB00FB12AB /* card3yoe.png */ = {isa = PBXFileReference; lastKnownFileType = image.png; path = card3yoe.png; sourceTree = "<group>"; };
		C691949A1CA4C7AB00FB12AB /* card3yof.png */ = {isa = PBXFileReference; lastKnownFileType = image.png; path = card3yof.png; sourceTree = "<group>"; };
		C691949B1CA4C7AB00FB12AB /* card3ysd.png */ = {isa = PBXFileReference; lastKnownFileType = image.png; path = card3ysd.png; sourceTree = "<group>"; };
		C691949C1CA4C7AB00FB12AB /* card3yse.png */ = {isa = PBXFileReference; lastKnownFileType = image.png; path = card3yse.png; sourceTree = "<group>"; };
		C691949D1CA4C7AB00FB12AB /* card3ysf.png */ = {isa = PBXFileReference; lastKnownFileType = image.png; path = card3ysf.png; sourceTree = "<group>"; };
		C69194EF1CA4C7BC00FB12AB /* Group-Color.png */ = {isa = PBXFileReference; lastKnownFileType = image.png; path = "Group-Color.png"; sourceTree = "<group>"; };
		C69194F01CA4C7BC00FB12AB /* Group-Number.png */ = {isa = PBXFileReference; lastKnownFileType = image.png; path = "Group-Number.png"; sourceTree = "<group>"; };
		C69194F11CA4C7BC00FB12AB /* Group-Shading.png */ = {isa = PBXFileReference; lastKnownFileType = image.png; path = "Group-Shading.png"; sourceTree = "<group>"; };
		C69194F21CA4C7BC00FB12AB /* Group-Symbol.png */ = {isa = PBXFileReference; lastKnownFileType = image.png; path = "Group-Symbol.png"; sourceTree = "<group>"; };
		C6F497171C9678A400367C57 /* SlugSet.app */ = {isa = PBXFileReference; explicitFileType = wrapper.application; includeInIndex = 0; path = SlugSet.app; sourceTree = BUILT_PRODUCTS_DIR; };
		C6F4971B1C9678A400367C57 /* Info.plist */ = {isa = PBXFileReference; lastKnownFileType = text.plist.xml; path = Info.plist; sourceTree = "<group>"; };
		C6F4971C1C9678A400367C57 /* AppDelegate.swift */ = {isa = PBXFileReference; lastKnownFileType = sourcecode.swift; path = AppDelegate.swift; sourceTree = "<group>"; };
		C6F4971E1C9678A400367C57 /* MainScreen.swift */ = {isa = PBXFileReference; lastKnownFileType = sourcecode.swift; path = MainScreen.swift; sourceTree = "<group>"; };
		C6F497211C9678A500367C57 /* Base */ = {isa = PBXFileReference; lastKnownFileType = file.storyboard; name = Base; path = Base.lproj/Main.storyboard; sourceTree = "<group>"; };
		C6F497231C9678A500367C57 /* Images.xcassets */ = {isa = PBXFileReference; lastKnownFileType = folder.assetcatalog; path = Images.xcassets; sourceTree = "<group>"; };
		C6F497261C9678A500367C57 /* Base */ = {isa = PBXFileReference; lastKnownFileType = file.xib; name = Base; path = Base.lproj/LaunchScreen.xib; sourceTree = "<group>"; };
		C6F4972C1C9678A500367C57 /* SlugSetTests.xctest */ = {isa = PBXFileReference; explicitFileType = wrapper.cfbundle; includeInIndex = 0; path = SlugSetTests.xctest; sourceTree = BUILT_PRODUCTS_DIR; };
		C6F497311C9678A500367C57 /* Info.plist */ = {isa = PBXFileReference; lastKnownFileType = text.plist.xml; path = Info.plist; sourceTree = "<group>"; };
		C6F497321C9678A500367C57 /* SlugSetTests.swift */ = {isa = PBXFileReference; lastKnownFileType = sourcecode.swift; path = SlugSetTests.swift; sourceTree = "<group>"; };
		C6F4973C1C9679E900367C57 /* slug_set_title.png */ = {isa = PBXFileReference; lastKnownFileType = image.png; path = slug_set_title.png; sourceTree = "<group>"; };
		C6F4973E1C96828C00367C57 /* SoloMode.swift */ = {isa = PBXFileReference; fileEncoding = 4; lastKnownFileType = sourcecode.swift; path = SoloMode.swift; sourceTree = "<group>"; };
		C6F497421C9F233500367C57 /* goBack.png */ = {isa = PBXFileReference; lastKnownFileType = image.png; path = goBack.png; sourceTree = "<group>"; };
		C6F497441C9F28E300367C57 /* SegueFromLeft.swift */ = {isa = PBXFileReference; fileEncoding = 4; lastKnownFileType = sourcecode.swift; path = SegueFromLeft.swift; sourceTree = "<group>"; };
		C6F497481C9F487D00367C57 /* StyleConstants.swift */ = {isa = PBXFileReference; fileEncoding = 4; lastKnownFileType = sourcecode.swift; name = StyleConstants.swift; path = Model/StyleConstants.swift; sourceTree = "<group>"; };
		C6F498931C9FB15800367C57 /* CardPaths.swift */ = {isa = PBXFileReference; fileEncoding = 4; lastKnownFileType = sourcecode.swift; name = CardPaths.swift; path = Model/CardPaths.swift; sourceTree = "<group>"; };
		C6F498951C9FB6BA00367C57 /* Deck.swift */ = {isa = PBXFileReference; fileEncoding = 4; lastKnownFileType = sourcecode.swift; name = Deck.swift; path = Model/Deck.swift; sourceTree = "<group>"; };
/* End PBXFileReference section */

/* Begin PBXFrameworksBuildPhase section */
		C6F497141C9678A400367C57 /* Frameworks */ = {
			isa = PBXFrameworksBuildPhase;
			buildActionMask = 2147483647;
			files = (
			);
			runOnlyForDeploymentPostprocessing = 0;
		};
		C6F497291C9678A500367C57 /* Frameworks */ = {
			isa = PBXFrameworksBuildPhase;
			buildActionMask = 2147483647;
			files = (
			);
			runOnlyForDeploymentPostprocessing = 0;
		};
/* End PBXFrameworksBuildPhase section */

/* Begin PBXGroup section */
		C691944B1CA4C77600FB12AB /* CardImages_Instructions */ = {
			isa = PBXGroup;
			children = (
				C64E33D31CA50223001374E2 /* ExampleSet1.png */,
				C64E33D41CA50223001374E2 /* ExampleSet2.png */,
				C64E33D51CA50223001374E2 /* ExampleSet3.png */,
				C64E33D61CA50223001374E2 /* ExampleSet4.png */,
				C64E33D71CA50223001374E2 /* ExampleSet5.png */,
				C64E33D81CA50223001374E2 /* ExampleSet6.png */,
				C69194EF1CA4C7BC00FB12AB /* Group-Color.png */,
				C69194F01CA4C7BC00FB12AB /* Group-Number.png */,
				C69194F11CA4C7BC00FB12AB /* Group-Shading.png */,
				C69194F21CA4C7BC00FB12AB /* Group-Symbol.png */,
			);
			path = CardImages_Instructions;
			sourceTree = "<group>";
		};
		C691944C1CA4C7AB00FB12AB /* CardImages */ = {
			isa = PBXGroup;
			children = (
				C691944D1CA4C7AB00FB12AB /* card1gdd.png */,
				C691944E1CA4C7AB00FB12AB /* card1gde.png */,
				C691944F1CA4C7AB00FB12AB /* card1gdf.png */,
				C69194501CA4C7AB00FB12AB /* card1god.png */,
				C69194511CA4C7AB00FB12AB /* card1goe.png */,
				C69194521CA4C7AB00FB12AB /* card1gof.png */,
				C69194531CA4C7AB00FB12AB /* card1gsd.png */,
				C69194541CA4C7AB00FB12AB /* card1gse.png */,
				C69194551CA4C7AB00FB12AB /* card1gsf.png */,
				C69194561CA4C7AB00FB12AB /* card1rdd.png */,
				C69194571CA4C7AB00FB12AB /* card1rde.png */,
				C69194581CA4C7AB00FB12AB /* card1rdf.png */,
				C69194591CA4C7AB00FB12AB /* card1rod.png */,
				C691945A1CA4C7AB00FB12AB /* card1roe.png */,
				C691945B1CA4C7AB00FB12AB /* card1rof.png */,
				C691945C1CA4C7AB00FB12AB /* card1rsd.png */,
				C691945D1CA4C7AB00FB12AB /* card1rse.png */,
				C691945E1CA4C7AB00FB12AB /* card1rsf.png */,
				C691945F1CA4C7AB00FB12AB /* card1ydd.png */,
				C69194601CA4C7AB00FB12AB /* card1yde.png */,
				C69194611CA4C7AB00FB12AB /* card1ydf.png */,
				C69194621CA4C7AB00FB12AB /* card1yod.png */,
				C69194631CA4C7AB00FB12AB /* card1yoe.png */,
				C69194641CA4C7AB00FB12AB /* card1yof.png */,
				C69194651CA4C7AB00FB12AB /* card1ysd.png */,
				C69194661CA4C7AB00FB12AB /* card1yse.png */,
				C69194671CA4C7AB00FB12AB /* card1ysf.png */,
				C69194681CA4C7AB00FB12AB /* card2gdd.png */,
				C69194691CA4C7AB00FB12AB /* card2gde.png */,
				C691946A1CA4C7AB00FB12AB /* card2gdf.png */,
				C691946B1CA4C7AB00FB12AB /* card2god.png */,
				C691946C1CA4C7AB00FB12AB /* card2goe.png */,
				C691946D1CA4C7AB00FB12AB /* card2gof.png */,
				C691946E1CA4C7AB00FB12AB /* card2gsd.png */,
				C691946F1CA4C7AB00FB12AB /* card2gse.png */,
				C69194701CA4C7AB00FB12AB /* card2gsf.png */,
				C69194711CA4C7AB00FB12AB /* card2rdd.png */,
				C69194721CA4C7AB00FB12AB /* card2rde.png */,
				C69194731CA4C7AB00FB12AB /* card2rdf.png */,
				C69194741CA4C7AB00FB12AB /* card2rod.png */,
				C69194751CA4C7AB00FB12AB /* card2roe.png */,
				C69194761CA4C7AB00FB12AB /* card2rof.png */,
				C69194771CA4C7AB00FB12AB /* card2rsd.png */,
				C69194781CA4C7AB00FB12AB /* card2rse.png */,
				C69194791CA4C7AB00FB12AB /* card2rsf.png */,
				C691947A1CA4C7AB00FB12AB /* card2ydd.png */,
				C691947B1CA4C7AB00FB12AB /* card2yde.png */,
				C691947C1CA4C7AB00FB12AB /* card2ydf.png */,
				C691947D1CA4C7AB00FB12AB /* card2yod.png */,
				C691947E1CA4C7AB00FB12AB /* card2yoe.png */,
				C691947F1CA4C7AB00FB12AB /* card2yof.png */,
				C69194801CA4C7AB00FB12AB /* card2ysd.png */,
				C69194811CA4C7AB00FB12AB /* card2yse.png */,
				C69194821CA4C7AB00FB12AB /* card2ysf.png */,
				C69194831CA4C7AB00FB12AB /* card3gdd.png */,
				C69194841CA4C7AB00FB12AB /* card3gde.png */,
				C69194851CA4C7AB00FB12AB /* card3gdf.png */,
				C69194861CA4C7AB00FB12AB /* card3god.png */,
				C69194871CA4C7AB00FB12AB /* card3goe.png */,
				C69194881CA4C7AB00FB12AB /* card3gof.png */,
				C69194891CA4C7AB00FB12AB /* card3gsd.png */,
				C691948A1CA4C7AB00FB12AB /* card3gse.png */,
				C691948B1CA4C7AB00FB12AB /* card3gsf.png */,
				C691948C1CA4C7AB00FB12AB /* card3rdd.png */,
				C691948D1CA4C7AB00FB12AB /* card3rde.png */,
				C691948E1CA4C7AB00FB12AB /* card3rdf.png */,
				C691948F1CA4C7AB00FB12AB /* card3rod.png */,
				C69194901CA4C7AB00FB12AB /* card3roe.png */,
				C69194911CA4C7AB00FB12AB /* card3rof.png */,
				C69194921CA4C7AB00FB12AB /* card3rsd.png */,
				C69194931CA4C7AB00FB12AB /* card3rse.png */,
				C69194941CA4C7AB00FB12AB /* card3rsf.png */,
				C69194951CA4C7AB00FB12AB /* card3ydd.png */,
				C69194961CA4C7AB00FB12AB /* card3yde.png */,
				C69194971CA4C7AB00FB12AB /* card3ydf.png */,
				C69194981CA4C7AB00FB12AB /* card3yod.png */,
				C69194991CA4C7AB00FB12AB /* card3yoe.png */,
				C691949A1CA4C7AB00FB12AB /* card3yof.png */,
				C691949B1CA4C7AB00FB12AB /* card3ysd.png */,
				C691949C1CA4C7AB00FB12AB /* card3yse.png */,
				C691949D1CA4C7AB00FB12AB /* card3ysf.png */,
			);
			path = CardImages;
			sourceTree = "<group>";
		};
		C6F4970E1C9678A400367C57 = {
			isa = PBXGroup;
			children = (
				C6F497191C9678A400367C57 /* SlugSet */,
				C6F4972F1C9678A500367C57 /* SlugSetTests */,
				C6F497181C9678A400367C57 /* Products */,
			);
			sourceTree = "<group>";
		};
		C6F497181C9678A400367C57 /* Products */ = {
			isa = PBXGroup;
			children = (
				C6F497171C9678A400367C57 /* SlugSet.app */,
				C6F4972C1C9678A500367C57 /* SlugSetTests.xctest */,
			);
			name = Products;
			sourceTree = "<group>";
		};
		C6F497191C9678A400367C57 /* SlugSet */ = {
			isa = PBXGroup;
			children = (
				C6F4971C1C9678A400367C57 /* AppDelegate.swift */,
				C6F497471C9F482A00367C57 /* Model */,
				C6F4971E1C9678A400367C57 /* MainScreen.swift */,
				C6F4973E1C96828C00367C57 /* SoloMode.swift */,
				C69194371CA4A15E00FB12AB /* HowToPlay.swift */,
				C6F497201C9678A500367C57 /* Main.storyboard */,
				C6F497251C9678A500367C57 /* LaunchScreen.xib */,
				C6F497231C9678A500367C57 /* Images.xcassets */,
				C6F4971A1C9678A400367C57 /* Supporting Files */,
				C6F497441C9F28E300367C57 /* SegueFromLeft.swift */,
			);
			path = SlugSet;
			sourceTree = "<group>";
		};
		C6F4971A1C9678A400367C57 /* Supporting Files */ = {
			isa = PBXGroup;
			children = (
				C691944C1CA4C7AB00FB12AB /* CardImages */,
				C691944B1CA4C77600FB12AB /* CardImages_Instructions */,
				C6F4973C1C9679E900367C57 /* slug_set_title.png */,
				C6F497421C9F233500367C57 /* goBack.png */,
				C6F4971B1C9678A400367C57 /* Info.plist */,
			);
			name = "Supporting Files";
			sourceTree = "<group>";
		};
		C6F4972F1C9678A500367C57 /* SlugSetTests */ = {
			isa = PBXGroup;
			children = (
				C6F497321C9678A500367C57 /* SlugSetTests.swift */,
				C6F497301C9678A500367C57 /* Supporting Files */,
			);
			path = SlugSetTests;
			sourceTree = "<group>";
		};
		C6F497301C9678A500367C57 /* Supporting Files */ = {
			isa = PBXGroup;
			children = (
				C6F497311C9678A500367C57 /* Info.plist */,
			);
			name = "Supporting Files";
			sourceTree = "<group>";
		};
		C6F497471C9F482A00367C57 /* Model */ = {
			isa = PBXGroup;
			children = (
				C6F497481C9F487D00367C57 /* StyleConstants.swift */,
				C6F498931C9FB15800367C57 /* CardPaths.swift */,
				C6F498951C9FB6BA00367C57 /* Deck.swift */,
			);
			name = Model;
			sourceTree = "<group>";
		};
/* End PBXGroup section */

/* Begin PBXNativeTarget section */
		C6F497161C9678A400367C57 /* SlugSet */ = {
			isa = PBXNativeTarget;
			buildConfigurationList = C6F497361C9678A500367C57 /* Build configuration list for PBXNativeTarget "SlugSet" */;
			buildPhases = (
				C6F497131C9678A400367C57 /* Sources */,
				C6F497141C9678A400367C57 /* Frameworks */,
				C6F497151C9678A400367C57 /* Resources */,
			);
			buildRules = (
			);
			dependencies = (
			);
			name = SlugSet;
			productName = SlugSet;
			productReference = C6F497171C9678A400367C57 /* SlugSet.app */;
			productType = "com.apple.product-type.application";
		};
		C6F4972B1C9678A500367C57 /* SlugSetTests */ = {
			isa = PBXNativeTarget;
			buildConfigurationList = C6F497391C9678A500367C57 /* Build configuration list for PBXNativeTarget "SlugSetTests" */;
			buildPhases = (
				C6F497281C9678A500367C57 /* Sources */,
				C6F497291C9678A500367C57 /* Frameworks */,
				C6F4972A1C9678A500367C57 /* Resources */,
			);
			buildRules = (
			);
			dependencies = (
				C6F4972E1C9678A500367C57 /* PBXTargetDependency */,
			);
			name = SlugSetTests;
			productName = SlugSetTests;
			productReference = C6F4972C1C9678A500367C57 /* SlugSetTests.xctest */;
			productType = "com.apple.product-type.bundle.unit-test";
		};
/* End PBXNativeTarget section */

/* Begin PBXProject section */
		C6F4970F1C9678A400367C57 /* Project object */ = {
			isa = PBXProject;
			attributes = {
				LastUpgradeCheck = 0640;
				ORGANIZATIONNAME = "Julio Franco";
				TargetAttributes = {
					C6F497161C9678A400367C57 = {
						CreatedOnToolsVersion = 6.4;
						DevelopmentTeam = F8PP28968D;
					};
					C6F4972B1C9678A500367C57 = {
						CreatedOnToolsVersion = 6.4;
						TestTargetID = C6F497161C9678A400367C57;
					};
				};
			};
			buildConfigurationList = C6F497121C9678A400367C57 /* Build configuration list for PBXProject "SlugSet" */;
			compatibilityVersion = "Xcode 3.2";
			developmentRegion = English;
			hasScannedForEncodings = 0;
			knownRegions = (
				en,
				Base,
			);
			mainGroup = C6F4970E1C9678A400367C57;
			productRefGroup = C6F497181C9678A400367C57 /* Products */;
			projectDirPath = "";
			projectRoot = "";
			targets = (
				C6F497161C9678A400367C57 /* SlugSet */,
				C6F4972B1C9678A500367C57 /* SlugSetTests */,
			);
		};
/* End PBXProject section */

/* Begin PBXResourcesBuildPhase section */
		C6F497151C9678A400367C57 /* Resources */ = {
			isa = PBXResourcesBuildPhase;
			buildActionMask = 2147483647;
			files = (
				C69194F31CA4C7BC00FB12AB /* Group-Color.png in Resources */,
				C69194F61CA4C7BC00FB12AB /* Group-Symbol.png in Resources */,
				C69194C31CA4C7AB00FB12AB /* card2rde.png in Resources */,
				C6F4973D1C9679E900367C57 /* slug_set_title.png in Resources */,
				C64E33DC1CA50223001374E2 /* ExampleSet4.png in Resources */,
				C691949F1CA4C7AB00FB12AB /* card1gde.png in Resources */,
				C6F497431C9F233500367C57 /* goBack.png in Resources */,
				C69194B11CA4C7AB00FB12AB /* card1yde.png in Resources */,
				C69194A31CA4C7AB00FB12AB /* card1gof.png in Resources */,
				C69194EB1CA4C7AB00FB12AB /* card3yof.png in Resources */,
				C69194BC1CA4C7AB00FB12AB /* card2god.png in Resources */,
				C69194D81CA4C7AB00FB12AB /* card3goe.png in Resources */,
				C69194DA1CA4C7AB00FB12AB /* card3gsd.png in Resources */,
				C69194A21CA4C7AB00FB12AB /* card1goe.png in Resources */,
				C69194F51CA4C7BC00FB12AB /* Group-Shading.png in Resources */,
				C69194CF1CA4C7AB00FB12AB /* card2yoe.png in Resources */,
				C64E33DE1CA50223001374E2 /* ExampleSet6.png in Resources */,
				C69194AD1CA4C7AB00FB12AB /* card1rsd.png in Resources */,
				C69194C11CA4C7AB00FB12AB /* card2gsf.png in Resources */,
				C69194CD1CA4C7AB00FB12AB /* card2ydf.png in Resources */,
				C69194E41CA4C7AB00FB12AB /* card3rse.png in Resources */,
				C69194AA1CA4C7AB00FB12AB /* card1rod.png in Resources */,
				C69194BB1CA4C7AB00FB12AB /* card2gdf.png in Resources */,
				C69194D11CA4C7AB00FB12AB /* card2ysd.png in Resources */,
				C69194B61CA4C7AB00FB12AB /* card1ysd.png in Resources */,
				C69194EC1CA4C7AB00FB12AB /* card3ysd.png in Resources */,
				C69194F41CA4C7BC00FB12AB /* Group-Number.png in Resources */,
				C69194D21CA4C7AB00FB12AB /* card2yse.png in Resources */,
				C69194D31CA4C7AB00FB12AB /* card2ysf.png in Resources */,
				C69194BA1CA4C7AB00FB12AB /* card2gde.png in Resources */,
				C69194A81CA4C7AB00FB12AB /* card1rde.png in Resources */,
				C69194DB1CA4C7AB00FB12AB /* card3gse.png in Resources */,
				C69194E31CA4C7AB00FB12AB /* card3rsd.png in Resources */,
				C69194B51CA4C7AB00FB12AB /* card1yof.png in Resources */,
				C64E33DA1CA50223001374E2 /* ExampleSet2.png in Resources */,
				C69194A01CA4C7AB00FB12AB /* card1gdf.png in Resources */,
				C69194CC1CA4C7AB00FB12AB /* card2yde.png in Resources */,
				C69194D41CA4C7AB00FB12AB /* card3gdd.png in Resources */,
				C69194A51CA4C7AB00FB12AB /* card1gse.png in Resources */,
				C64E33DB1CA50223001374E2 /* ExampleSet3.png in Resources */,
				C69194D61CA4C7AB00FB12AB /* card3gdf.png in Resources */,
				C69194E21CA4C7AB00FB12AB /* card3rof.png in Resources */,
				C69194B41CA4C7AB00FB12AB /* card1yoe.png in Resources */,
				C69194C91CA4C7AB00FB12AB /* card2rse.png in Resources */,
				C69194BF1CA4C7AB00FB12AB /* card2gsd.png in Resources */,
				C69194D51CA4C7AB00FB12AB /* card3gde.png in Resources */,
				C69194C81CA4C7AB00FB12AB /* card2rsd.png in Resources */,
				C69194D01CA4C7AB00FB12AB /* card2yof.png in Resources */,
				C69194E71CA4C7AB00FB12AB /* card3yde.png in Resources */,
				C69194C01CA4C7AB00FB12AB /* card2gse.png in Resources */,
				C69194E11CA4C7AB00FB12AB /* card3roe.png in Resources */,
				C69194ED1CA4C7AB00FB12AB /* card3yse.png in Resources */,
				C69194E91CA4C7AB00FB12AB /* card3yod.png in Resources */,
				C6F497221C9678A500367C57 /* Main.storyboard in Resources */,
				C69194E61CA4C7AB00FB12AB /* card3ydd.png in Resources */,
				C69194B01CA4C7AB00FB12AB /* card1ydd.png in Resources */,
				C69194C51CA4C7AB00FB12AB /* card2rod.png in Resources */,
				C69194CB1CA4C7AB00FB12AB /* card2ydd.png in Resources */,
				C69194A91CA4C7AB00FB12AB /* card1rdf.png in Resources */,
				C69194E01CA4C7AB00FB12AB /* card3rod.png in Resources */,
				C69194B31CA4C7AB00FB12AB /* card1yod.png in Resources */,
				C69194A71CA4C7AB00FB12AB /* card1rdd.png in Resources */,
				C69194DE1CA4C7AB00FB12AB /* card3rde.png in Resources */,
				C69194B71CA4C7AB00FB12AB /* card1yse.png in Resources */,
				C69194A11CA4C7AB00FB12AB /* card1god.png in Resources */,
				C69194D91CA4C7AB00FB12AB /* card3gof.png in Resources */,
				C69194AC1CA4C7AB00FB12AB /* card1rof.png in Resources */,
				C69194A41CA4C7AB00FB12AB /* card1gsd.png in Resources */,
				C69194C21CA4C7AB00FB12AB /* card2rdd.png in Resources */,
				C69194B91CA4C7AB00FB12AB /* card2gdd.png in Resources */,
				C69194AE1CA4C7AB00FB12AB /* card1rse.png in Resources */,
				C69194C71CA4C7AB00FB12AB /* card2rof.png in Resources */,
				C69194EE1CA4C7AB00FB12AB /* card3ysf.png in Resources */,
				C69194EA1CA4C7AB00FB12AB /* card3yoe.png in Resources */,
				C69194B21CA4C7AB00FB12AB /* card1ydf.png in Resources */,
				C69194DD1CA4C7AB00FB12AB /* card3rdd.png in Resources */,
				C69194CE1CA4C7AB00FB12AB /* card2yod.png in Resources */,
				C69194E81CA4C7AB00FB12AB /* card3ydf.png in Resources */,
				C69194CA1CA4C7AB00FB12AB /* card2rsf.png in Resources */,
				C69194BD1CA4C7AB00FB12AB /* card2goe.png in Resources */,
				C69194C41CA4C7AB00FB12AB /* card2rdf.png in Resources */,
				C69194C61CA4C7AB00FB12AB /* card2roe.png in Resources */,
				C69194DF1CA4C7AB00FB12AB /* card3rdf.png in Resources */,
				C69194AB1CA4C7AB00FB12AB /* card1roe.png in Resources */,
				C69194AF1CA4C7AB00FB12AB /* card1rsf.png in Resources */,
				C69194DC1CA4C7AB00FB12AB /* card3gsf.png in Resources */,
				C6F497271C9678A500367C57 /* LaunchScreen.xib in Resources */,
				C64E33DD1CA50223001374E2 /* ExampleSet5.png in Resources */,
				C69194BE1CA4C7AB00FB12AB /* card2gof.png in Resources */,
				C69194B81CA4C7AB00FB12AB /* card1ysf.png in Resources */,
				C69194D71CA4C7AB00FB12AB /* card3god.png in Resources */,
				C64E33D91CA50223001374E2 /* ExampleSet1.png in Resources */,
				C6F497241C9678A500367C57 /* Images.xcassets in Resources */,
				C69194A61CA4C7AB00FB12AB /* card1gsf.png in Resources */,
				C69194E51CA4C7AB00FB12AB /* card3rsf.png in Resources */,
				C691949E1CA4C7AB00FB12AB /* card1gdd.png in Resources */,
			);
			runOnlyForDeploymentPostprocessing = 0;
		};
		C6F4972A1C9678A500367C57 /* Resources */ = {
			isa = PBXResourcesBuildPhase;
			buildActionMask = 2147483647;
			files = (
			);
			runOnlyForDeploymentPostprocessing = 0;
		};
/* End PBXResourcesBuildPhase section */

/* Begin PBXSourcesBuildPhase section */
		C6F497131C9678A400367C57 /* Sources */ = {
			isa = PBXSourcesBuildPhase;
			buildActionMask = 2147483647;
			files = (
				C6F498961C9FB6BA00367C57 /* Deck.swift in Sources */,
				C69194381CA4A15E00FB12AB /* HowToPlay.swift in Sources */,
				C6F498941C9FB15800367C57 /* CardPaths.swift in Sources */,
				C6F497491C9F487D00367C57 /* StyleConstants.swift in Sources */,
				C6F4973F1C96828C00367C57 /* SoloMode.swift in Sources */,
				C6F4971F1C9678A400367C57 /* MainScreen.swift in Sources */,
				C6F497451C9F28E300367C57 /* SegueFromLeft.swift in Sources */,
				C6F4971D1C9678A400367C57 /* AppDelegate.swift in Sources */,
			);
			runOnlyForDeploymentPostprocessing = 0;
		};
		C6F497281C9678A500367C57 /* Sources */ = {
			isa = PBXSourcesBuildPhase;
			buildActionMask = 2147483647;
			files = (
				C6F497331C9678A500367C57 /* SlugSetTests.swift in Sources */,
			);
			runOnlyForDeploymentPostprocessing = 0;
		};
/* End PBXSourcesBuildPhase section */

/* Begin PBXTargetDependency section */
		C6F4972E1C9678A500367C57 /* PBXTargetDependency */ = {
			isa = PBXTargetDependency;
			target = C6F497161C9678A400367C57 /* SlugSet */;
			targetProxy = C6F4972D1C9678A500367C57 /* PBXContainerItemProxy */;
		};
/* End PBXTargetDependency section */

/* Begin PBXVariantGroup section */
		C6F497201C9678A500367C57 /* Main.storyboard */ = {
			isa = PBXVariantGroup;
			children = (
				C6F497211C9678A500367C57 /* Base */,
			);
			name = Main.storyboard;
			sourceTree = "<group>";
		};
		C6F497251C9678A500367C57 /* LaunchScreen.xib */ = {
			isa = PBXVariantGroup;
			children = (
				C6F497261C9678A500367C57 /* Base */,
			);
			name = LaunchScreen.xib;
			sourceTree = "<group>";
		};
/* End PBXVariantGroup section */

/* Begin XCBuildConfiguration section */
		C6F497341C9678A500367C57 /* Debug */ = {
			isa = XCBuildConfiguration;
			buildSettings = {
				ALWAYS_SEARCH_USER_PATHS = NO;
				CLANG_CXX_LANGUAGE_STANDARD = "gnu++0x";
				CLANG_CXX_LIBRARY = "libc++";
				CLANG_ENABLE_MODULES = YES;
				CLANG_ENABLE_OBJC_ARC = YES;
				CLANG_WARN_BOOL_CONVERSION = YES;
				CLANG_WARN_CONSTANT_CONVERSION = YES;
				CLANG_WARN_DIRECT_OBJC_ISA_USAGE = YES_ERROR;
				CLANG_WARN_EMPTY_BODY = YES;
				CLANG_WARN_ENUM_CONVERSION = YES;
				CLANG_WARN_INT_CONVERSION = YES;
				CLANG_WARN_OBJC_ROOT_CLASS = YES_ERROR;
				CLANG_WARN_UNREACHABLE_CODE = YES;
				CLANG_WARN__DUPLICATE_METHOD_MATCH = YES;
				CODE_SIGN_IDENTITY = "";
				"CODE_SIGN_IDENTITY[sdk=iphoneos*]" = "";
				COPY_PHASE_STRIP = NO;
				DEBUG_INFORMATION_FORMAT = "dwarf-with-dsym";
				ENABLE_STRICT_OBJC_MSGSEND = YES;
				GCC_C_LANGUAGE_STANDARD = gnu99;
				GCC_DYNAMIC_NO_PIC = NO;
				GCC_NO_COMMON_BLOCKS = YES;
				GCC_OPTIMIZATION_LEVEL = 0;
				GCC_PREPROCESSOR_DEFINITIONS = (
					"DEBUG=1",
					"$(inherited)",
				);
				GCC_SYMBOLS_PRIVATE_EXTERN = NO;
				GCC_WARN_64_TO_32_BIT_CONVERSION = YES;
				GCC_WARN_ABOUT_RETURN_TYPE = YES_ERROR;
				GCC_WARN_UNDECLARED_SELECTOR = YES;
				GCC_WARN_UNINITIALIZED_AUTOS = YES_AGGRESSIVE;
				GCC_WARN_UNUSED_FUNCTION = YES;
				GCC_WARN_UNUSED_VARIABLE = YES;
				IPHONEOS_DEPLOYMENT_TARGET = 8.4;
				MTL_ENABLE_DEBUG_INFO = YES;
				ONLY_ACTIVE_ARCH = YES;
				PROVISIONING_PROFILE = "ef2baa35-15be-49c2-b47b-041d5c8fc86b";
				SDKROOT = iphoneos;
				SWIFT_OPTIMIZATION_LEVEL = "-Onone";
			};
			name = Debug;
		};
		C6F497351C9678A500367C57 /* Release */ = {
			isa = XCBuildConfiguration;
			buildSettings = {
				ALWAYS_SEARCH_USER_PATHS = NO;
				CLANG_CXX_LANGUAGE_STANDARD = "gnu++0x";
				CLANG_CXX_LIBRARY = "libc++";
				CLANG_ENABLE_MODULES = YES;
				CLANG_ENABLE_OBJC_ARC = YES;
				CLANG_WARN_BOOL_CONVERSION = YES;
				CLANG_WARN_CONSTANT_CONVERSION = YES;
				CLANG_WARN_DIRECT_OBJC_ISA_USAGE = YES_ERROR;
				CLANG_WARN_EMPTY_BODY = YES;
				CLANG_WARN_ENUM_CONVERSION = YES;
				CLANG_WARN_INT_CONVERSION = YES;
				CLANG_WARN_OBJC_ROOT_CLASS = YES_ERROR;
				CLANG_WARN_UNREACHABLE_CODE = YES;
				CLANG_WARN__DUPLICATE_METHOD_MATCH = YES;
				CODE_SIGN_IDENTITY = "";
				"CODE_SIGN_IDENTITY[sdk=iphoneos*]" = "";
				COPY_PHASE_STRIP = NO;
				DEBUG_INFORMATION_FORMAT = "dwarf-with-dsym";
				ENABLE_NS_ASSERTIONS = NO;
				ENABLE_STRICT_OBJC_MSGSEND = YES;
				GCC_C_LANGUAGE_STANDARD = gnu99;
				GCC_NO_COMMON_BLOCKS = YES;
				GCC_WARN_64_TO_32_BIT_CONVERSION = YES;
				GCC_WARN_ABOUT_RETURN_TYPE = YES_ERROR;
				GCC_WARN_UNDECLARED_SELECTOR = YES;
				GCC_WARN_UNINITIALIZED_AUTOS = YES_AGGRESSIVE;
				GCC_WARN_UNUSED_FUNCTION = YES;
				GCC_WARN_UNUSED_VARIABLE = YES;
				IPHONEOS_DEPLOYMENT_TARGET = 8.4;
				MTL_ENABLE_DEBUG_INFO = NO;
				PROVISIONING_PROFILE = "ef2baa35-15be-49c2-b47b-041d5c8fc86b";
				SDKROOT = iphoneos;
				VALIDATE_PRODUCT = YES;
			};
			name = Release;
		};
		C6F497371C9678A500367C57 /* Debug */ = {
			isa = XCBuildConfiguration;
			buildSettings = {
				ASSETCATALOG_COMPILER_APPICON_NAME = AppIcon;
				CODE_SIGN_IDENTITY = "";
				INFOPLIST_FILE = SlugSet/Info.plist;
				IPHONEOS_DEPLOYMENT_TARGET = 8.0;
				LD_RUNPATH_SEARCH_PATHS = "$(inherited) @executable_path/Frameworks";
				PRODUCT_NAME = "$(TARGET_NAME)";
			};
			name = Debug;
		};
		C6F497381C9678A500367C57 /* Release */ = {
			isa = XCBuildConfiguration;
			buildSettings = {
				ASSETCATALOG_COMPILER_APPICON_NAME = AppIcon;
				CODE_SIGN_IDENTITY = "";
				INFOPLIST_FILE = SlugSet/Info.plist;
				IPHONEOS_DEPLOYMENT_TARGET = 8.0;
				LD_RUNPATH_SEARCH_PATHS = "$(inherited) @executable_path/Frameworks";
				PRODUCT_NAME = "$(TARGET_NAME)";
			};
			name = Release;
		};
		C6F4973A1C9678A500367C57 /* Debug */ = {
			isa = XCBuildConfiguration;
			buildSettings = {
				BUNDLE_LOADER = "$(TEST_HOST)";
				FRAMEWORK_SEARCH_PATHS = (
					"$(SDKROOT)/Developer/Library/Frameworks",
					"$(inherited)",
				);
				GCC_PREPROCESSOR_DEFINITIONS = (
					"DEBUG=1",
					"$(inherited)",
				);
				INFOPLIST_FILE = SlugSetTests/Info.plist;
				LD_RUNPATH_SEARCH_PATHS = "$(inherited) @executable_path/Frameworks @loader_path/Frameworks";
				PRODUCT_NAME = "$(TARGET_NAME)";
				TEST_HOST = "$(BUILT_PRODUCTS_DIR)/SlugSet.app/SlugSet";
			};
			name = Debug;
		};
		C6F4973B1C9678A500367C57 /* Release */ = {
			isa = XCBuildConfiguration;
			buildSettings = {
				BUNDLE_LOADER = "$(TEST_HOST)";
				FRAMEWORK_SEARCH_PATHS = (
					"$(SDKROOT)/Developer/Library/Frameworks",
					"$(inherited)",
				);
				INFOPLIST_FILE = SlugSetTests/Info.plist;
				LD_RUNPATH_SEARCH_PATHS = "$(inherited) @executable_path/Frameworks @loader_path/Frameworks";
				PRODUCT_NAME = "$(TARGET_NAME)";
				TEST_HOST = "$(BUILT_PRODUCTS_DIR)/SlugSet.app/SlugSet";
			};
			name = Release;
		};
/* End XCBuildConfiguration section */

/* Begin XCConfigurationList section */
		C6F497121C9678A400367C57 /* Build configuration list for PBXProject "SlugSet" */ = {
			isa = XCConfigurationList;
			buildConfigurations = (
				C6F497341C9678A500367C57 /* Debug */,
				C6F497351C9678A500367C57 /* Release */,
			);
			defaultConfigurationIsVisible = 0;
			defaultConfigurationName = Release;
		};
		C6F497361C9678A500367C57 /* Build configuration list for PBXNativeTarget "SlugSet" */ = {
			isa = XCConfigurationList;
			buildConfigurations = (
				C6F497371C9678A500367C57 /* Debug */,
				C6F497381C9678A500367C57 /* Release */,
			);
			defaultConfigurationIsVisible = 0;
			defaultConfigurationName = Release;
		};
		C6F497391C9678A500367C57 /* Build configuration list for PBXNativeTarget "SlugSetTests" */ = {
			isa = XCConfigurationList;
			buildConfigurations = (
				C6F4973A1C9678A500367C57 /* Debug */,
				C6F4973B1C9678A500367C57 /* Release */,
			);
			defaultConfigurationIsVisible = 0;
			defaultConfigurationName = Release;
		};
/* End XCConfigurationList section */
	};
	rootObject = C6F4970F1C9678A400367C57 /* Project object */;
}
